// !$*UTF8*$!
{
	archiveVersion = 1;
	classes = {
	};
	objectVersion = 51;
	objects = {

/* Begin PBXBuildFile section */
		1F1335B5244BF38900D7E3B6 /* ProfileInputView.swift in Sources */ = {isa = PBXBuildFile; fileRef = 1F1335B4244BF38900D7E3B6 /* ProfileInputView.swift */; };
		1F16B231244AFEFC009626D4 /* SignUpViewController.swift in Sources */ = {isa = PBXBuildFile; fileRef = 1F16B230244AFEFC009626D4 /* SignUpViewController.swift */; };
		1F16B234244B0162009626D4 /* SignInViewController.swift in Sources */ = {isa = PBXBuildFile; fileRef = 1F16B233244B0162009626D4 /* SignInViewController.swift */; };
		1F16B239244B0F7E009626D4 /* UIColor+Hex.swift in Sources */ = {isa = PBXBuildFile; fileRef = 1F16B238244B0F7E009626D4 /* UIColor+Hex.swift */; };
		1F16B23C244B6EE0009626D4 /* ThemeSettings.swift in Sources */ = {isa = PBXBuildFile; fileRef = 1F16B23B244B6EE0009626D4 /* ThemeSettings.swift */; };
		1F1AE2A3244938E600558B68 /* AppDelegate.swift in Sources */ = {isa = PBXBuildFile; fileRef = 1F1AE2A2244938E600558B68 /* AppDelegate.swift */; };
		1F1AE2A5244938E600558B68 /* SceneDelegate.swift in Sources */ = {isa = PBXBuildFile; fileRef = 1F1AE2A4244938E600558B68 /* SceneDelegate.swift */; };
		1F1AE2A7244938E600558B68 /* ViewController.swift in Sources */ = {isa = PBXBuildFile; fileRef = 1F1AE2A6244938E600558B68 /* ViewController.swift */; };
		1F1AE2AA244938E600558B68 /* Main.storyboard in Resources */ = {isa = PBXBuildFile; fileRef = 1F1AE2A8244938E600558B68 /* Main.storyboard */; };
		1F1AE2AC244938E700558B68 /* Assets.xcassets in Resources */ = {isa = PBXBuildFile; fileRef = 1F1AE2AB244938E700558B68 /* Assets.xcassets */; };
		1F1AE2AF244938E700558B68 /* LaunchScreen.storyboard in Resources */ = {isa = PBXBuildFile; fileRef = 1F1AE2AD244938E700558B68 /* LaunchScreen.storyboard */; };
		1F1AE2B72449464D00558B68 /* GoogleService-Info.plist in Resources */ = {isa = PBXBuildFile; fileRef = 1F1AE2B62449464D00558B68 /* GoogleService-Info.plist */; };
		1F1AE2BA2449650E00558B68 /* RootTabBarController.swift in Sources */ = {isa = PBXBuildFile; fileRef = 1F1AE2B92449650E00558B68 /* RootTabBarController.swift */; };
		1F1AE2BF2449678800558B68 /* ContactsViewController.swift in Sources */ = {isa = PBXBuildFile; fileRef = 1F1AE2BE2449678800558B68 /* ContactsViewController.swift */; };
		1F1AE2C12449679700558B68 /* ChatsViewController.swift in Sources */ = {isa = PBXBuildFile; fileRef = 1F1AE2C02449679700558B68 /* ChatsViewController.swift */; };
		1F1AE2C3244967A600558B68 /* SettingsViewController.swift in Sources */ = {isa = PBXBuildFile; fileRef = 1F1AE2C2244967A600558B68 /* SettingsViewController.swift */; };
		3A0B62AD0E2405D0BE15A2D0 /* Pods_tgChatClone.framework in Frameworks */ = {isa = PBXBuildFile; fileRef = 0473D4F0D94F2E032219A2A2 /* Pods_tgChatClone.framework */; };
/* End PBXBuildFile section */

/* Begin PBXFileReference section */
		0473D4F0D94F2E032219A2A2 /* Pods_tgChatClone.framework */ = {isa = PBXFileReference; explicitFileType = wrapper.framework; includeInIndex = 0; path = Pods_tgChatClone.framework; sourceTree = BUILT_PRODUCTS_DIR; };
		0A436586A21AF2C216E7A1EC /* Pods-tgChatClone.debug.xcconfig */ = {isa = PBXFileReference; includeInIndex = 1; lastKnownFileType = text.xcconfig; name = "Pods-tgChatClone.debug.xcconfig"; path = "Target Support Files/Pods-tgChatClone/Pods-tgChatClone.debug.xcconfig"; sourceTree = "<group>"; };
		1F1335B4244BF38900D7E3B6 /* ProfileInputView.swift */ = {isa = PBXFileReference; lastKnownFileType = sourcecode.swift; path = ProfileInputView.swift; sourceTree = "<group>"; };
		1F16B230244AFEFC009626D4 /* SignUpViewController.swift */ = {isa = PBXFileReference; lastKnownFileType = sourcecode.swift; path = SignUpViewController.swift; sourceTree = "<group>"; };
		1F16B233244B0162009626D4 /* SignInViewController.swift */ = {isa = PBXFileReference; lastKnownFileType = sourcecode.swift; path = SignInViewController.swift; sourceTree = "<group>"; };
		1F16B238244B0F7E009626D4 /* UIColor+Hex.swift */ = {isa = PBXFileReference; lastKnownFileType = sourcecode.swift; path = "UIColor+Hex.swift"; sourceTree = "<group>"; };
		1F16B23B244B6EE0009626D4 /* ThemeSettings.swift */ = {isa = PBXFileReference; lastKnownFileType = sourcecode.swift; path = ThemeSettings.swift; sourceTree = "<group>"; };
		1F1AE29F244938E600558B68 /* tgChatClone.app */ = {isa = PBXFileReference; explicitFileType = wrapper.application; includeInIndex = 0; path = tgChatClone.app; sourceTree = BUILT_PRODUCTS_DIR; };
		1F1AE2A2244938E600558B68 /* AppDelegate.swift */ = {isa = PBXFileReference; lastKnownFileType = sourcecode.swift; path = AppDelegate.swift; sourceTree = "<group>"; };
		1F1AE2A4244938E600558B68 /* SceneDelegate.swift */ = {isa = PBXFileReference; lastKnownFileType = sourcecode.swift; path = SceneDelegate.swift; sourceTree = "<group>"; };
		1F1AE2A6244938E600558B68 /* ViewController.swift */ = {isa = PBXFileReference; lastKnownFileType = sourcecode.swift; path = ViewController.swift; sourceTree = "<group>"; };
		1F1AE2A9244938E600558B68 /* Base */ = {isa = PBXFileReference; lastKnownFileType = file.storyboard; name = Base; path = Base.lproj/Main.storyboard; sourceTree = "<group>"; };
		1F1AE2AB244938E700558B68 /* Assets.xcassets */ = {isa = PBXFileReference; lastKnownFileType = folder.assetcatalog; path = Assets.xcassets; sourceTree = "<group>"; };
		1F1AE2AE244938E700558B68 /* Base */ = {isa = PBXFileReference; lastKnownFileType = file.storyboard; name = Base; path = Base.lproj/LaunchScreen.storyboard; sourceTree = "<group>"; };
		1F1AE2B0244938E700558B68 /* Info.plist */ = {isa = PBXFileReference; lastKnownFileType = text.plist.xml; path = Info.plist; sourceTree = "<group>"; };
		1F1AE2B62449464D00558B68 /* GoogleService-Info.plist */ = {isa = PBXFileReference; fileEncoding = 4; lastKnownFileType = text.plist.xml; path = "GoogleService-Info.plist"; sourceTree = "<group>"; };
		1F1AE2B92449650E00558B68 /* RootTabBarController.swift */ = {isa = PBXFileReference; lastKnownFileType = sourcecode.swift; path = RootTabBarController.swift; sourceTree = "<group>"; };
		1F1AE2BE2449678800558B68 /* ContactsViewController.swift */ = {isa = PBXFileReference; lastKnownFileType = sourcecode.swift; path = ContactsViewController.swift; sourceTree = "<group>"; };
		1F1AE2C02449679700558B68 /* ChatsViewController.swift */ = {isa = PBXFileReference; lastKnownFileType = sourcecode.swift; path = ChatsViewController.swift; sourceTree = "<group>"; };
		1F1AE2C2244967A600558B68 /* SettingsViewController.swift */ = {isa = PBXFileReference; lastKnownFileType = sourcecode.swift; path = SettingsViewController.swift; sourceTree = "<group>"; };
		A9568351A1E3AE6C2A4D283F /* Pods-tgChatClone.release.xcconfig */ = {isa = PBXFileReference; includeInIndex = 1; lastKnownFileType = text.xcconfig; name = "Pods-tgChatClone.release.xcconfig"; path = "Target Support Files/Pods-tgChatClone/Pods-tgChatClone.release.xcconfig"; sourceTree = "<group>"; };
/* End PBXFileReference section */

/* Begin PBXFrameworksBuildPhase section */
		1F1AE29C244938E600558B68 /* Frameworks */ = {
			isa = PBXFrameworksBuildPhase;
			buildActionMask = 2147483647;
			files = (
				3A0B62AD0E2405D0BE15A2D0 /* Pods_tgChatClone.framework in Frameworks */,
			);
			runOnlyForDeploymentPostprocessing = 0;
		};
/* End PBXFrameworksBuildPhase section */

/* Begin PBXGroup section */
		1F1335B3244BF36700D7E3B6 /* Views */ = {
			isa = PBXGroup;
			children = (
				1F1335B4244BF38900D7E3B6 /* ProfileInputView.swift */,
			);
			path = Views;
			sourceTree = "<group>";
		};
		1F16B22F244AF969009626D4 /* SignUp */ = {
			isa = PBXGroup;
			children = (
				1F16B230244AFEFC009626D4 /* SignUpViewController.swift */,
			);
			path = SignUp;
			sourceTree = "<group>";
		};
		1F16B232244B0145009626D4 /* SignIn */ = {
			isa = PBXGroup;
			children = (
				1F16B233244B0162009626D4 /* SignInViewController.swift */,
			);
			path = SignIn;
			sourceTree = "<group>";
		};
		1F16B235244B0D99009626D4 /* Extensions */ = {
			isa = PBXGroup;
			children = (
				1F16B238244B0F7E009626D4 /* UIColor+Hex.swift */,
			);
			path = Extensions;
			sourceTree = "<group>";
		};
		1F16B23A244B6EBD009626D4 /* Settings */ = {
			isa = PBXGroup;
			children = (
				1F16B23B244B6EE0009626D4 /* ThemeSettings.swift */,
			);
			path = Settings;
			sourceTree = "<group>";
		};
		1F1AE296244938E600558B68 = {
			isa = PBXGroup;
			children = (
				1F1AE2A1244938E600558B68 /* tgChatClone */,
				1F1AE2A0244938E600558B68 /* Products */,
				541AC89B754741FC7228772B /* Pods */,
				51F8AA2BC141BF8BE6BDBB5B /* Frameworks */,
			);
			sourceTree = "<group>";
		};
		1F1AE2A0244938E600558B68 /* Products */ = {
			isa = PBXGroup;
			children = (
				1F1AE29F244938E600558B68 /* tgChatClone.app */,
			);
			name = Products;
			sourceTree = "<group>";
		};
		1F1AE2A1244938E600558B68 /* tgChatClone */ = {
			isa = PBXGroup;
			children = (
				1F1335B3244BF36700D7E3B6 /* Views */,
				1F16B23A244B6EBD009626D4 /* Settings */,
				1F16B235244B0D99009626D4 /* Extensions */,
				1F1AE2B824495C7000558B68 /* Controllers */,
				1F1AE2B62449464D00558B68 /* GoogleService-Info.plist */,
				1F1AE2A2244938E600558B68 /* AppDelegate.swift */,
				1F1AE2A4244938E600558B68 /* SceneDelegate.swift */,
				1F1AE2A6244938E600558B68 /* ViewController.swift */,
				1F1AE2A8244938E600558B68 /* Main.storyboard */,
				1F1AE2AB244938E700558B68 /* Assets.xcassets */,
				1F1AE2AD244938E700558B68 /* LaunchScreen.storyboard */,
				1F1AE2B0244938E700558B68 /* Info.plist */,
			);
			path = tgChatClone;
			sourceTree = "<group>";
		};
		1F1AE2B824495C7000558B68 /* Controllers */ = {
			isa = PBXGroup;
			children = (
				1F16B232244B0145009626D4 /* SignIn */,
				1F16B22F244AF969009626D4 /* SignUp */,
				1F1AE2BD2449672900558B68 /* Settings */,
				1F1AE2BC2449671C00558B68 /* Chats */,
				1F1AE2BB2449670600558B68 /* Contacts */,
				1F1AE2B92449650E00558B68 /* RootTabBarController.swift */,
			);
			path = Controllers;
			sourceTree = "<group>";
		};
		1F1AE2BB2449670600558B68 /* Contacts */ = {
			isa = PBXGroup;
			children = (
				1F1AE2BE2449678800558B68 /* ContactsViewController.swift */,
			);
			path = Contacts;
			sourceTree = "<group>";
		};
		1F1AE2BC2449671C00558B68 /* Chats */ = {
			isa = PBXGroup;
			children = (
				1F1AE2C02449679700558B68 /* ChatsViewController.swift */,
			);
			path = Chats;
			sourceTree = "<group>";
		};
		1F1AE2BD2449672900558B68 /* Settings */ = {
			isa = PBXGroup;
			children = (
				1F1AE2C2244967A600558B68 /* SettingsViewController.swift */,
			);
			path = Settings;
			sourceTree = "<group>";
		};
		51F8AA2BC141BF8BE6BDBB5B /* Frameworks */ = {
			isa = PBXGroup;
			children = (
				0473D4F0D94F2E032219A2A2 /* Pods_tgChatClone.framework */,
			);
			name = Frameworks;
			sourceTree = "<group>";
		};
		541AC89B754741FC7228772B /* Pods */ = {
			isa = PBXGroup;
			children = (
				0A436586A21AF2C216E7A1EC /* Pods-tgChatClone.debug.xcconfig */,
				A9568351A1E3AE6C2A4D283F /* Pods-tgChatClone.release.xcconfig */,
			);
			path = Pods;
			sourceTree = "<group>";
		};
/* End PBXGroup section */

/* Begin PBXNativeTarget section */
		1F1AE29E244938E600558B68 /* tgChatClone */ = {
			isa = PBXNativeTarget;
			buildConfigurationList = 1F1AE2B3244938E700558B68 /* Build configuration list for PBXNativeTarget "tgChatClone" */;
			buildPhases = (
				F650D36ECB2151F3C98F720E /* [CP] Check Pods Manifest.lock */,
				1F1AE29B244938E600558B68 /* Sources */,
				1F1AE29C244938E600558B68 /* Frameworks */,
				1F1AE29D244938E600558B68 /* Resources */,
				BC6E35CF4F00E6D83437D573 /* [CP] Embed Pods Frameworks */,
			);
			buildRules = (
			);
			dependencies = (
			);
			name = tgChatClone;
			productName = tgChatClone;
			productReference = 1F1AE29F244938E600558B68 /* tgChatClone.app */;
			productType = "com.apple.product-type.application";
		};
/* End PBXNativeTarget section */

/* Begin PBXProject section */
		1F1AE297244938E600558B68 /* Project object */ = {
			isa = PBXProject;
			attributes = {
				LastSwiftUpdateCheck = 1130;
				LastUpgradeCheck = 1130;
				ORGANIZATIONNAME = PSC;
				TargetAttributes = {
					1F1AE29E244938E600558B68 = {
						CreatedOnToolsVersion = 11.3;
					};
				};
			};
			buildConfigurationList = 1F1AE29A244938E600558B68 /* Build configuration list for PBXProject "tgChatClone" */;
			compatibilityVersion = "Xcode 9.3";
			developmentRegion = en;
			hasScannedForEncodings = 0;
			knownRegions = (
				en,
				Base,
			);
			mainGroup = 1F1AE296244938E600558B68;
			productRefGroup = 1F1AE2A0244938E600558B68 /* Products */;
			projectDirPath = "";
			projectRoot = "";
			targets = (
				1F1AE29E244938E600558B68 /* tgChatClone */,
			);
		};
/* End PBXProject section */

/* Begin PBXResourcesBuildPhase section */
		1F1AE29D244938E600558B68 /* Resources */ = {
			isa = PBXResourcesBuildPhase;
			buildActionMask = 2147483647;
			files = (
				1F1AE2AF244938E700558B68 /* LaunchScreen.storyboard in Resources */,
				1F1AE2AC244938E700558B68 /* Assets.xcassets in Resources */,
				1F1AE2AA244938E600558B68 /* Main.storyboard in Resources */,
				1F1AE2B72449464D00558B68 /* GoogleService-Info.plist in Resources */,
			);
			runOnlyForDeploymentPostprocessing = 0;
		};
/* End PBXResourcesBuildPhase section */

/* Begin PBXShellScriptBuildPhase section */
		BC6E35CF4F00E6D83437D573 /* [CP] Embed Pods Frameworks */ = {
			isa = PBXShellScriptBuildPhase;
			buildActionMask = 2147483647;
			files = (
			);
			inputFileListPaths = (
				"${PODS_ROOT}/Target Support Files/Pods-tgChatClone/Pods-tgChatClone-frameworks-${CONFIGURATION}-input-files.xcfilelist",
			);
			name = "[CP] Embed Pods Frameworks";
			outputFileListPaths = (
				"${PODS_ROOT}/Target Support Files/Pods-tgChatClone/Pods-tgChatClone-frameworks-${CONFIGURATION}-output-files.xcfilelist",
			);
			runOnlyForDeploymentPostprocessing = 0;
			shellPath = /bin/sh;
			shellScript = "\"${PODS_ROOT}/Target Support Files/Pods-tgChatClone/Pods-tgChatClone-frameworks.sh\"\n";
			showEnvVarsInLog = 0;
		};
		F650D36ECB2151F3C98F720E /* [CP] Check Pods Manifest.lock */ = {
			isa = PBXShellScriptBuildPhase;
			buildActionMask = 2147483647;
			files = (
			);
			inputFileListPaths = (
			);
			inputPaths = (
				"${PODS_PODFILE_DIR_PATH}/Podfile.lock",
				"${PODS_ROOT}/Manifest.lock",
			);
			name = "[CP] Check Pods Manifest.lock";
			outputFileListPaths = (
			);
			outputPaths = (
				"$(DERIVED_FILE_DIR)/Pods-tgChatClone-checkManifestLockResult.txt",
			);
			runOnlyForDeploymentPostprocessing = 0;
			shellPath = /bin/sh;
			shellScript = "diff \"${PODS_PODFILE_DIR_PATH}/Podfile.lock\" \"${PODS_ROOT}/Manifest.lock\" > /dev/null\nif [ $? != 0 ] ; then\n    # print error to STDERR\n    echo \"error: The sandbox is not in sync with the Podfile.lock. Run 'pod install' or update your CocoaPods installation.\" >&2\n    exit 1\nfi\n# This output is used by Xcode 'outputs' to avoid re-running this script phase.\necho \"SUCCESS\" > \"${SCRIPT_OUTPUT_FILE_0}\"\n";
			showEnvVarsInLog = 0;
		};
/* End PBXShellScriptBuildPhase section */

/* Begin PBXSourcesBuildPhase section */
		1F1AE29B244938E600558B68 /* Sources */ = {
			isa = PBXSourcesBuildPhase;
			buildActionMask = 2147483647;
			files = (
				1F1AE2A7244938E600558B68 /* ViewController.swift in Sources */,
				1F1335B5244BF38900D7E3B6 /* ProfileInputView.swift in Sources */,
				1F1AE2BA2449650E00558B68 /* RootTabBarController.swift in Sources */,
				1F16B231244AFEFC009626D4 /* SignUpViewController.swift in Sources */,
				1F16B23C244B6EE0009626D4 /* ThemeSettings.swift in Sources */,
				1F1AE2C3244967A600558B68 /* SettingsViewController.swift in Sources */,
				1F1AE2A3244938E600558B68 /* AppDelegate.swift in Sources */,
				1F16B234244B0162009626D4 /* SignInViewController.swift in Sources */,
				1F1AE2A5244938E600558B68 /* SceneDelegate.swift in Sources */,
				1F1AE2C12449679700558B68 /* ChatsViewController.swift in Sources */,
				1F1AE2BF2449678800558B68 /* ContactsViewController.swift in Sources */,
				1F16B239244B0F7E009626D4 /* UIColor+Hex.swift in Sources */,
			);
			runOnlyForDeploymentPostprocessing = 0;
		};
/* End PBXSourcesBuildPhase section */

/* Begin PBXVariantGroup section */
		1F1AE2A8244938E600558B68 /* Main.storyboard */ = {
			isa = PBXVariantGroup;
			children = (
				1F1AE2A9244938E600558B68 /* Base */,
			);
			name = Main.storyboard;
			sourceTree = "<group>";
		};
		1F1AE2AD244938E700558B68 /* LaunchScreen.storyboard */ = {
			isa = PBXVariantGroup;
			children = (
				1F1AE2AE244938E700558B68 /* Base */,
			);
			name = LaunchScreen.storyboard;
			sourceTree = "<group>";
		};
/* End PBXVariantGroup section */

/* Begin XCBuildConfiguration section */
		1F1AE2B1244938E700558B68 /* Debug */ = {
			isa = XCBuildConfiguration;
			buildSettings = {
				ALWAYS_SEARCH_USER_PATHS = NO;
				CLANG_ANALYZER_NONNULL = YES;
				CLANG_ANALYZER_NUMBER_OBJECT_CONVERSION = YES_AGGRESSIVE;
				CLANG_CXX_LANGUAGE_STANDARD = "gnu++14";
				CLANG_CXX_LIBRARY = "libc++";
				CLANG_ENABLE_MODULES = YES;
				CLANG_ENABLE_OBJC_ARC = YES;
				CLANG_ENABLE_OBJC_WEAK = YES;
				CLANG_WARN_BLOCK_CAPTURE_AUTORELEASING = YES;
				CLANG_WARN_BOOL_CONVERSION = YES;
				CLANG_WARN_COMMA = YES;
				CLANG_WARN_CONSTANT_CONVERSION = YES;
				CLANG_WARN_DEPRECATED_OBJC_IMPLEMENTATIONS = YES;
				CLANG_WARN_DIRECT_OBJC_ISA_USAGE = YES_ERROR;
				CLANG_WARN_DOCUMENTATION_COMMENTS = YES;
				CLANG_WARN_EMPTY_BODY = YES;
				CLANG_WARN_ENUM_CONVERSION = YES;
				CLANG_WARN_INFINITE_RECURSION = YES;
				CLANG_WARN_INT_CONVERSION = YES;
				CLANG_WARN_NON_LITERAL_NULL_CONVERSION = YES;
				CLANG_WARN_OBJC_IMPLICIT_RETAIN_SELF = YES;
				CLANG_WARN_OBJC_LITERAL_CONVERSION = YES;
				CLANG_WARN_OBJC_ROOT_CLASS = YES_ERROR;
				CLANG_WARN_RANGE_LOOP_ANALYSIS = YES;
				CLANG_WARN_STRICT_PROTOTYPES = YES;
				CLANG_WARN_SUSPICIOUS_MOVE = YES;
				CLANG_WARN_UNGUARDED_AVAILABILITY = YES_AGGRESSIVE;
				CLANG_WARN_UNREACHABLE_CODE = YES;
				CLANG_WARN__DUPLICATE_METHOD_MATCH = YES;
				COPY_PHASE_STRIP = NO;
				DEBUG_INFORMATION_FORMAT = dwarf;
				ENABLE_STRICT_OBJC_MSGSEND = YES;
				ENABLE_TESTABILITY = YES;
				GCC_C_LANGUAGE_STANDARD = gnu11;
				GCC_DYNAMIC_NO_PIC = NO;
				GCC_NO_COMMON_BLOCKS = YES;
				GCC_OPTIMIZATION_LEVEL = 0;
				GCC_PREPROCESSOR_DEFINITIONS = (
					"DEBUG=1",
					"$(inherited)",
				);
				GCC_WARN_64_TO_32_BIT_CONVERSION = YES;
				GCC_WARN_ABOUT_RETURN_TYPE = YES_ERROR;
				GCC_WARN_UNDECLARED_SELECTOR = YES;
				GCC_WARN_UNINITIALIZED_AUTOS = YES_AGGRESSIVE;
				GCC_WARN_UNUSED_FUNCTION = YES;
				GCC_WARN_UNUSED_VARIABLE = YES;
				IPHONEOS_DEPLOYMENT_TARGET = 13.2;
				MTL_ENABLE_DEBUG_INFO = INCLUDE_SOURCE;
				MTL_FAST_MATH = YES;
				ONLY_ACTIVE_ARCH = YES;
				SDKROOT = iphoneos;
				SWIFT_ACTIVE_COMPILATION_CONDITIONS = DEBUG;
				SWIFT_OPTIMIZATION_LEVEL = "-Onone";
			};
			name = Debug;
		};
		1F1AE2B2244938E700558B68 /* Release */ = {
			isa = XCBuildConfiguration;
			buildSettings = {
				ALWAYS_SEARCH_USER_PATHS = NO;
				CLANG_ANALYZER_NONNULL = YES;
				CLANG_ANALYZER_NUMBER_OBJECT_CONVERSION = YES_AGGRESSIVE;
				CLANG_CXX_LANGUAGE_STANDARD = "gnu++14";
				CLANG_CXX_LIBRARY = "libc++";
				CLANG_ENABLE_MODULES = YES;
				CLANG_ENABLE_OBJC_ARC = YES;
				CLANG_ENABLE_OBJC_WEAK = YES;
				CLANG_WARN_BLOCK_CAPTURE_AUTORELEASING = YES;
				CLANG_WARN_BOOL_CONVERSION = YES;
				CLANG_WARN_COMMA = YES;
				CLANG_WARN_CONSTANT_CONVERSION = YES;
				CLANG_WARN_DEPRECATED_OBJC_IMPLEMENTATIONS = YES;
				CLANG_WARN_DIRECT_OBJC_ISA_USAGE = YES_ERROR;
				CLANG_WARN_DOCUMENTATION_COMMENTS = YES;
				CLANG_WARN_EMPTY_BODY = YES;
				CLANG_WARN_ENUM_CONVERSION = YES;
				CLANG_WARN_INFINITE_RECURSION = YES;
				CLANG_WARN_INT_CONVERSION = YES;
				CLANG_WARN_NON_LITERAL_NULL_CONVERSION = YES;
				CLANG_WARN_OBJC_IMPLICIT_RETAIN_SELF = YES;
				CLANG_WARN_OBJC_LITERAL_CONVERSION = YES;
				CLANG_WARN_OBJC_ROOT_CLASS = YES_ERROR;
				CLANG_WARN_RANGE_LOOP_ANALYSIS = YES;
				CLANG_WARN_STRICT_PROTOTYPES = YES;
				CLANG_WARN_SUSPICIOUS_MOVE = YES;
				CLANG_WARN_UNGUARDED_AVAILABILITY = YES_AGGRESSIVE;
				CLANG_WARN_UNREACHABLE_CODE = YES;
				CLANG_WARN__DUPLICATE_METHOD_MATCH = YES;
				COPY_PHASE_STRIP = NO;
				DEBUG_INFORMATION_FORMAT = "dwarf-with-dsym";
				ENABLE_NS_ASSERTIONS = NO;
				ENABLE_STRICT_OBJC_MSGSEND = YES;
				GCC_C_LANGUAGE_STANDARD = gnu11;
				GCC_NO_COMMON_BLOCKS = YES;
				GCC_WARN_64_TO_32_BIT_CONVERSION = YES;
				GCC_WARN_ABOUT_RETURN_TYPE = YES_ERROR;
				GCC_WARN_UNDECLARED_SELECTOR = YES;
				GCC_WARN_UNINITIALIZED_AUTOS = YES_AGGRESSIVE;
				GCC_WARN_UNUSED_FUNCTION = YES;
				GCC_WARN_UNUSED_VARIABLE = YES;
				IPHONEOS_DEPLOYMENT_TARGET = 13.2;
				MTL_ENABLE_DEBUG_INFO = NO;
				MTL_FAST_MATH = YES;
				SDKROOT = iphoneos;
				SWIFT_COMPILATION_MODE = wholemodule;
				SWIFT_OPTIMIZATION_LEVEL = "-O";
				VALIDATE_PRODUCT = YES;
			};
			name = Release;
		};
		1F1AE2B4244938E700558B68 /* Debug */ = {
			isa = XCBuildConfiguration;
			baseConfigurationReference = 0A436586A21AF2C216E7A1EC /* Pods-tgChatClone.debug.xcconfig */;
			buildSettings = {
				ASSETCATALOG_COMPILER_APPICON_NAME = AppIcon;
				CODE_SIGN_STYLE = Automatic;
				INFOPLIST_FILE = tgChatClone/Info.plist;
				LD_RUNPATH_SEARCH_PATHS = (
					"$(inherited)",
					"@executable_path/Frameworks",
				);
				PRODUCT_BUNDLE_IDENTIFIER = com.nosilysound.tgChatClone;
				PRODUCT_NAME = "$(TARGET_NAME)";
				SWIFT_VERSION = 5.0;
				TARGETED_DEVICE_FAMILY = "1,2";
			};
			name = Debug;
		};
		1F1AE2B5244938E700558B68 /* Release */ = {
			isa = XCBuildConfiguration;
			baseConfigurationReference = A9568351A1E3AE6C2A4D283F /* Pods-tgChatClone.release.xcconfig */;
			buildSettings = {
				ASSETCATALOG_COMPILER_APPICON_NAME = AppIcon;
				CODE_SIGN_STYLE = Automatic;
				INFOPLIST_FILE = tgChatClone/Info.plist;
				LD_RUNPATH_SEARCH_PATHS = (
					"$(inherited)",
					"@executable_path/Frameworks",
				);
				PRODUCT_BUNDLE_IDENTIFIER = com.nosilysound.tgChatClone;
				PRODUCT_NAME = "$(TARGET_NAME)";
				SWIFT_VERSION = 5.0;
				TARGETED_DEVICE_FAMILY = "1,2";
			};
			name = Release;
		};
/* End XCBuildConfiguration section */

/* Begin XCConfigurationList section */
		1F1AE29A244938E600558B68 /* Build configuration list for PBXProject "tgChatClone" */ = {
			isa = XCConfigurationList;
			buildConfigurations = (
				1F1AE2B1244938E700558B68 /* Debug */,
				1F1AE2B2244938E700558B68 /* Release */,
			);
			defaultConfigurationIsVisible = 0;
			defaultConfigurationName = Release;
		};
		1F1AE2B3244938E700558B68 /* Build configuration list for PBXNativeTarget "tgChatClone" */ = {
			isa = XCConfigurationList;
			buildConfigurations = (
				1F1AE2B4244938E700558B68 /* Debug */,
				1F1AE2B5244938E700558B68 /* Release */,
			);
			defaultConfigurationIsVisible = 0;
			defaultConfigurationName = Release;
		};
/* End XCConfigurationList section */
	};
	rootObject = 1F1AE297244938E600558B68 /* Project object */;
}
